
Microsoft Visual Studio Solution File, Format Version 12.00
Project("{2150E333-8FDC-42A3-9474-1A3956D46DE8}") = "Services", "Services", "{436AA43C-FB49-443D-B905-8D6156F21E18}"
EndProject
Project("{2150E333-8FDC-42A3-9474-1A3956D46DE8}") = "Catalog", "Catalog", "{9435B72B-5BB8-4969-BBA1-F01C06F4C490}"
EndProject
Project("{FAE04EC0-301F-11D3-BF4B-00C04F79EFBC}") = "Catalog.API", "Services\Catalog\Catalog.API\Catalog.API.csproj", "{68DF19E6-6167-4B9C-99FC-BE06725C7D15}"
EndProject
Global
	GlobalSection(SolutionConfigurationPlatforms) = preSolution
		Debug|Any CPU = Debug|Any CPU
		Release|Any CPU = Release|Any CPU
	EndGlobalSection
	GlobalSection(NestedProjects) = preSolution
		{9435B72B-5BB8-4969-BBA1-F01C06F4C490} = {436AA43C-FB49-443D-B905-8D6156F21E18}
		{68DF19E6-6167-4B9C-99FC-BE06725C7D15} = {9435B72B-5BB8-4969-BBA1-F01C06F4C490}
	EndGlobalSection
	GlobalSection(ProjectConfigurationPlatforms) = postSolution
		{68DF19E6-6167-4B9C-99FC-BE06725C7D15}.Debug|Any CPU.ActiveCfg = Debug|Any CPU
		{68DF19E6-6167-4B9C-99FC-BE06725C7D15}.Debug|Any CPU.Build.0 = Debug|Any CPU
		{68DF19E6-6167-4B9C-99FC-BE06725C7D15}.Release|Any CPU.ActiveCfg = Release|Any CPU
		{68DF19E6-6167-4B9C-99FC-BE06725C7D15}.Release|Any CPU.Build.0 = Release|Any CPU
	EndGlobalSection
EndGlobal
